// !$*UTF8*$!
{
	archiveVersion = 1;
	classes = {
	};
	objectVersion = 46;
	objects = {

/* Begin PBXBuildFile section */
		945D44A71CD9012E00A47743 /* CoreDataContextTests.swift in Sources */ = {isa = PBXBuildFile; fileRef = 945D44A61CD9012E00A47743 /* CoreDataContextTests.swift */; };
		9461A3B01CD7AA19008EEC3C /* NSManagedObject.swift in Sources */ = {isa = PBXBuildFile; fileRef = 9461A3AF1CD7AA19008EEC3C /* NSManagedObject.swift */; };
		9461A3B41CD7D1A0008EEC3C /* DataModel.xcdatamodeld in Sources */ = {isa = PBXBuildFile; fileRef = 9461A3B21CD7D1A0008EEC3C /* DataModel.xcdatamodeld */; };
		9461A3BD1CD7D2DA008EEC3C /* Car+CoreDataProperties.swift in Sources */ = {isa = PBXBuildFile; fileRef = 9461A3BB1CD7D2DA008EEC3C /* Car+CoreDataProperties.swift */; };
		9461A3BE1CD7D2DA008EEC3C /* Car.swift in Sources */ = {isa = PBXBuildFile; fileRef = 9461A3BC1CD7D2DA008EEC3C /* Car.swift */; };
		9461A3C11CD7D37D008EEC3C /* FileUtilsTests.swift in Sources */ = {isa = PBXBuildFile; fileRef = 9461A3C01CD7D37D008EEC3C /* FileUtilsTests.swift */; };
		9461A3C31CD7D632008EEC3C /* RequestTests.swift in Sources */ = {isa = PBXBuildFile; fileRef = 9461A3C21CD7D632008EEC3C /* RequestTests.swift */; };
		9461A3C61CD7DA15008EEC3C /* CoreDataLocalStoreTests.swift in Sources */ = {isa = PBXBuildFile; fileRef = 9461A3C51CD7DA15008EEC3C /* CoreDataLocalStoreTests.swift */; };
		94BB39091CD9B8AA001A2DBE /* DataKernel-iOS.h in Headers */ = {isa = PBXBuildFile; fileRef = 94BB39081CD9B8AA001A2DBE /* DataKernel-iOS.h */; settings = {ATTRIBUTES = (Public, ); }; };
		94BB390F1CD9B8E7001A2DBE /* CoreData.framework in Frameworks */ = {isa = PBXBuildFile; fileRef = 94BB390E1CD9B8E7001A2DBE /* CoreData.framework */; };
		94BB39101CD9B998001A2DBE /* NSManagedObjectContext.swift in Sources */ = {isa = PBXBuildFile; fileRef = 94F74AB11CD53F04000F1F4D /* NSManagedObjectContext.swift */; };
		94BB39111CD9B99B001A2DBE /* NSManagedObject.swift in Sources */ = {isa = PBXBuildFile; fileRef = 9461A3AF1CD7AA19008EEC3C /* NSManagedObject.swift */; };
		94BB39121CD9B99F001A2DBE /* CoreDataLocalStorage.swift in Sources */ = {isa = PBXBuildFile; fileRef = 94F74A9E1CD52EB5000F1F4D /* CoreDataLocalStorage.swift */; };
		94BB39131CD9B9A5001A2DBE /* DataRequest.swift in Sources */ = {isa = PBXBuildFile; fileRef = 94F74A9A1CD5274B000F1F4D /* DataRequest.swift */; };
		94BB39141CD9B9A7001A2DBE /* FileUtils.swift in Sources */ = {isa = PBXBuildFile; fileRef = 94F74AA31CD5303E000F1F4D /* FileUtils.swift */; };
		94BB39151CD9B9AD001A2DBE /* DkErrors.swift in Sources */ = {isa = PBXBuildFile; fileRef = 94F74AAD1CD53D2D000F1F4D /* DkErrors.swift */; };
		94BB39161CD9B9B0001A2DBE /* StoreRef.swift in Sources */ = {isa = PBXBuildFile; fileRef = 94F74AA61CD53244000F1F4D /* StoreRef.swift */; };
		94BB39171CD9B9B3001A2DBE /* ModelRef.swift in Sources */ = {isa = PBXBuildFile; fileRef = 94F74AA81CD53261000F1F4D /* ModelRef.swift */; };
		94BB39181CD9B9B5001A2DBE /* OptionRef.swift in Sources */ = {isa = PBXBuildFile; fileRef = 94F74AAA1CD538F9000F1F4D /* OptionRef.swift */; };
		94BB39191CD9B9B8001A2DBE /* ContextRef.swift in Sources */ = {isa = PBXBuildFile; fileRef = 94F74AAF1CD53E33000F1F4D /* ContextRef.swift */; };
		94BB391A1CD9B9BB001A2DBE /* Storage.swift in Sources */ = {isa = PBXBuildFile; fileRef = 94F74A941CD524CF000F1F4D /* Storage.swift */; };
		94BB391B1CD9B9BE001A2DBE /* Context.swift in Sources */ = {isa = PBXBuildFile; fileRef = 94F74A961CD525FC000F1F4D /* Context.swift */; };
		94BB391C1CD9B9C1001A2DBE /* Entity.swift in Sources */ = {isa = PBXBuildFile; fileRef = 94F74A981CD52627000F1F4D /* Entity.swift */; };
		94F74A701CD51764000F1F4D /* AppDelegate.swift in Sources */ = {isa = PBXBuildFile; fileRef = 94F74A6F1CD51764000F1F4D /* AppDelegate.swift */; };
		94F74A721CD51764000F1F4D /* ViewController.swift in Sources */ = {isa = PBXBuildFile; fileRef = 94F74A711CD51764000F1F4D /* ViewController.swift */; };
		94F74A751CD51764000F1F4D /* Main.storyboard in Resources */ = {isa = PBXBuildFile; fileRef = 94F74A731CD51764000F1F4D /* Main.storyboard */; };
		94F74A781CD51764000F1F4D /* DataKernel.xcdatamodeld in Sources */ = {isa = PBXBuildFile; fileRef = 94F74A761CD51764000F1F4D /* DataKernel.xcdatamodeld */; };
		94F74A7A1CD51764000F1F4D /* Assets.xcassets in Resources */ = {isa = PBXBuildFile; fileRef = 94F74A791CD51764000F1F4D /* Assets.xcassets */; };
		94F74A7D1CD51764000F1F4D /* LaunchScreen.storyboard in Resources */ = {isa = PBXBuildFile; fileRef = 94F74A7B1CD51764000F1F4D /* LaunchScreen.storyboard */; };
		94F74A881CD51765000F1F4D /* DataKernelTests.swift in Sources */ = {isa = PBXBuildFile; fileRef = 94F74A871CD51765000F1F4D /* DataKernelTests.swift */; };
		94F74A951CD524CF000F1F4D /* Storage.swift in Sources */ = {isa = PBXBuildFile; fileRef = 94F74A941CD524CF000F1F4D /* Storage.swift */; };
		94F74A971CD525FC000F1F4D /* Context.swift in Sources */ = {isa = PBXBuildFile; fileRef = 94F74A961CD525FC000F1F4D /* Context.swift */; };
		94F74A991CD52627000F1F4D /* Entity.swift in Sources */ = {isa = PBXBuildFile; fileRef = 94F74A981CD52627000F1F4D /* Entity.swift */; };
		94F74A9B1CD5274B000F1F4D /* DataRequest.swift in Sources */ = {isa = PBXBuildFile; fileRef = 94F74A9A1CD5274B000F1F4D /* DataRequest.swift */; };
		94F74A9F1CD52EB5000F1F4D /* CoreDataLocalStorage.swift in Sources */ = {isa = PBXBuildFile; fileRef = 94F74A9E1CD52EB5000F1F4D /* CoreDataLocalStorage.swift */; };
		94F74AA41CD5303E000F1F4D /* FileUtils.swift in Sources */ = {isa = PBXBuildFile; fileRef = 94F74AA31CD5303E000F1F4D /* FileUtils.swift */; };
		94F74AA71CD53244000F1F4D /* StoreRef.swift in Sources */ = {isa = PBXBuildFile; fileRef = 94F74AA61CD53244000F1F4D /* StoreRef.swift */; };
		94F74AA91CD53261000F1F4D /* ModelRef.swift in Sources */ = {isa = PBXBuildFile; fileRef = 94F74AA81CD53261000F1F4D /* ModelRef.swift */; };
		94F74AAB1CD538F9000F1F4D /* OptionRef.swift in Sources */ = {isa = PBXBuildFile; fileRef = 94F74AAA1CD538F9000F1F4D /* OptionRef.swift */; };
		94F74AAE1CD53D2D000F1F4D /* DkErrors.swift in Sources */ = {isa = PBXBuildFile; fileRef = 94F74AAD1CD53D2D000F1F4D /* DkErrors.swift */; };
		94F74AB01CD53E33000F1F4D /* ContextRef.swift in Sources */ = {isa = PBXBuildFile; fileRef = 94F74AAF1CD53E33000F1F4D /* ContextRef.swift */; };
		94F74AB21CD53F04000F1F4D /* NSManagedObjectContext.swift in Sources */ = {isa = PBXBuildFile; fileRef = 94F74AB11CD53F04000F1F4D /* NSManagedObjectContext.swift */; };
/* End PBXBuildFile section */

/* Begin PBXContainerItemProxy section */
		94F74A841CD51765000F1F4D /* PBXContainerItemProxy */ = {
			isa = PBXContainerItemProxy;
			containerPortal = 94F74A641CD51764000F1F4D /* Project object */;
			proxyType = 1;
			remoteGlobalIDString = 94F74A6B1CD51764000F1F4D;
			remoteInfo = DataKernel;
		};
/* End PBXContainerItemProxy section */

/* Begin PBXFileReference section */
		945D44A61CD9012E00A47743 /* CoreDataContextTests.swift */ = {isa = PBXFileReference; fileEncoding = 4; lastKnownFileType = sourcecode.swift; path = CoreDataContextTests.swift; sourceTree = "<group>"; };
		9461A3AF1CD7AA19008EEC3C /* NSManagedObject.swift */ = {isa = PBXFileReference; fileEncoding = 4; lastKnownFileType = sourcecode.swift; path = NSManagedObject.swift; sourceTree = "<group>"; };
		9461A3B31CD7D1A0008EEC3C /* DataModel.xcdatamodel */ = {isa = PBXFileReference; lastKnownFileType = wrapper.xcdatamodel; path = DataModel.xcdatamodel; sourceTree = "<group>"; };
		9461A3BB1CD7D2DA008EEC3C /* Car+CoreDataProperties.swift */ = {isa = PBXFileReference; fileEncoding = 4; lastKnownFileType = sourcecode.swift; path = "Car+CoreDataProperties.swift"; sourceTree = "<group>"; };
		9461A3BC1CD7D2DA008EEC3C /* Car.swift */ = {isa = PBXFileReference; fileEncoding = 4; lastKnownFileType = sourcecode.swift; path = Car.swift; sourceTree = "<group>"; };
		9461A3C01CD7D37D008EEC3C /* FileUtilsTests.swift */ = {isa = PBXFileReference; fileEncoding = 4; lastKnownFileType = sourcecode.swift; path = FileUtilsTests.swift; sourceTree = "<group>"; };
		9461A3C21CD7D632008EEC3C /* RequestTests.swift */ = {isa = PBXFileReference; fileEncoding = 4; lastKnownFileType = sourcecode.swift; path = RequestTests.swift; sourceTree = "<group>"; };
		9461A3C51CD7DA15008EEC3C /* CoreDataLocalStoreTests.swift */ = {isa = PBXFileReference; fileEncoding = 4; lastKnownFileType = sourcecode.swift; path = CoreDataLocalStoreTests.swift; sourceTree = "<group>"; };
		94BB39061CD9B8AA001A2DBE /* DataKernel.framework */ = {isa = PBXFileReference; explicitFileType = wrapper.framework; includeInIndex = 0; path = DataKernel.framework; sourceTree = BUILT_PRODUCTS_DIR; };
		94BB39081CD9B8AA001A2DBE /* DataKernel-iOS.h */ = {isa = PBXFileReference; lastKnownFileType = sourcecode.c.h; path = "DataKernel-iOS.h"; sourceTree = "<group>"; };
		94BB390A1CD9B8AA001A2DBE /* Info.plist */ = {isa = PBXFileReference; lastKnownFileType = text.plist.xml; path = Info.plist; sourceTree = "<group>"; };
		94BB390E1CD9B8E7001A2DBE /* CoreData.framework */ = {isa = PBXFileReference; lastKnownFileType = wrapper.framework; name = CoreData.framework; path = System/Library/Frameworks/CoreData.framework; sourceTree = SDKROOT; };
		94F74A6C1CD51764000F1F4D /* DataKernel.app */ = {isa = PBXFileReference; explicitFileType = wrapper.application; includeInIndex = 0; path = DataKernel.app; sourceTree = BUILT_PRODUCTS_DIR; };
		94F74A6F1CD51764000F1F4D /* AppDelegate.swift */ = {isa = PBXFileReference; lastKnownFileType = sourcecode.swift; path = AppDelegate.swift; sourceTree = "<group>"; };
		94F74A711CD51764000F1F4D /* ViewController.swift */ = {isa = PBXFileReference; lastKnownFileType = sourcecode.swift; path = ViewController.swift; sourceTree = "<group>"; };
		94F74A741CD51764000F1F4D /* Base */ = {isa = PBXFileReference; lastKnownFileType = file.storyboard; name = Base; path = Base.lproj/Main.storyboard; sourceTree = "<group>"; };
		94F74A771CD51764000F1F4D /* DataKernel.xcdatamodel */ = {isa = PBXFileReference; lastKnownFileType = wrapper.xcdatamodel; path = DataKernel.xcdatamodel; sourceTree = "<group>"; };
		94F74A791CD51764000F1F4D /* Assets.xcassets */ = {isa = PBXFileReference; lastKnownFileType = folder.assetcatalog; path = Assets.xcassets; sourceTree = "<group>"; };
		94F74A7C1CD51764000F1F4D /* Base */ = {isa = PBXFileReference; lastKnownFileType = file.storyboard; name = Base; path = Base.lproj/LaunchScreen.storyboard; sourceTree = "<group>"; };
		94F74A7E1CD51764000F1F4D /* Info.plist */ = {isa = PBXFileReference; lastKnownFileType = text.plist.xml; path = Info.plist; sourceTree = "<group>"; };
		94F74A831CD51765000F1F4D /* DataKernelTests.xctest */ = {isa = PBXFileReference; explicitFileType = wrapper.cfbundle; includeInIndex = 0; path = DataKernelTests.xctest; sourceTree = BUILT_PRODUCTS_DIR; };
		94F74A871CD51765000F1F4D /* DataKernelTests.swift */ = {isa = PBXFileReference; lastKnownFileType = sourcecode.swift; path = DataKernelTests.swift; sourceTree = "<group>"; };
		94F74A891CD51765000F1F4D /* Info.plist */ = {isa = PBXFileReference; lastKnownFileType = text.plist.xml; path = Info.plist; sourceTree = "<group>"; };
		94F74A941CD524CF000F1F4D /* Storage.swift */ = {isa = PBXFileReference; fileEncoding = 4; lastKnownFileType = sourcecode.swift; path = Storage.swift; sourceTree = "<group>"; };
		94F74A961CD525FC000F1F4D /* Context.swift */ = {isa = PBXFileReference; fileEncoding = 4; lastKnownFileType = sourcecode.swift; path = Context.swift; sourceTree = "<group>"; };
		94F74A981CD52627000F1F4D /* Entity.swift */ = {isa = PBXFileReference; fileEncoding = 4; lastKnownFileType = sourcecode.swift; path = Entity.swift; sourceTree = "<group>"; };
		94F74A9A1CD5274B000F1F4D /* DataRequest.swift */ = {isa = PBXFileReference; fileEncoding = 4; lastKnownFileType = sourcecode.swift; name = DataRequest.swift; path = ../Contracts/DataRequest.swift; sourceTree = "<group>"; };
		94F74A9E1CD52EB5000F1F4D /* CoreDataLocalStorage.swift */ = {isa = PBXFileReference; fileEncoding = 4; lastKnownFileType = sourcecode.swift; path = CoreDataLocalStorage.swift; sourceTree = "<group>"; };
		94F74AA31CD5303E000F1F4D /* FileUtils.swift */ = {isa = PBXFileReference; fileEncoding = 4; lastKnownFileType = sourcecode.swift; path = FileUtils.swift; sourceTree = "<group>"; };
		94F74AA61CD53244000F1F4D /* StoreRef.swift */ = {isa = PBXFileReference; fileEncoding = 4; lastKnownFileType = sourcecode.swift; path = StoreRef.swift; sourceTree = "<group>"; };
		94F74AA81CD53261000F1F4D /* ModelRef.swift */ = {isa = PBXFileReference; fileEncoding = 4; lastKnownFileType = sourcecode.swift; path = ModelRef.swift; sourceTree = "<group>"; };
		94F74AAA1CD538F9000F1F4D /* OptionRef.swift */ = {isa = PBXFileReference; fileEncoding = 4; lastKnownFileType = sourcecode.swift; path = OptionRef.swift; sourceTree = "<group>"; };
		94F74AAD1CD53D2D000F1F4D /* DkErrors.swift */ = {isa = PBXFileReference; fileEncoding = 4; lastKnownFileType = sourcecode.swift; path = DkErrors.swift; sourceTree = "<group>"; };
		94F74AAF1CD53E33000F1F4D /* ContextRef.swift */ = {isa = PBXFileReference; fileEncoding = 4; lastKnownFileType = sourcecode.swift; path = ContextRef.swift; sourceTree = "<group>"; };
		94F74AB11CD53F04000F1F4D /* NSManagedObjectContext.swift */ = {isa = PBXFileReference; fileEncoding = 4; lastKnownFileType = sourcecode.swift; path = NSManagedObjectContext.swift; sourceTree = "<group>"; };
/* End PBXFileReference section */

/* Begin PBXFrameworksBuildPhase section */
		94BB39021CD9B8AA001A2DBE /* Frameworks */ = {
			isa = PBXFrameworksBuildPhase;
			buildActionMask = 2147483647;
			files = (
				94BB390F1CD9B8E7001A2DBE /* CoreData.framework in Frameworks */,
			);
			runOnlyForDeploymentPostprocessing = 0;
		};
		94F74A691CD51764000F1F4D /* Frameworks */ = {
			isa = PBXFrameworksBuildPhase;
			buildActionMask = 2147483647;
			files = (
			);
			runOnlyForDeploymentPostprocessing = 0;
		};
		94F74A801CD51765000F1F4D /* Frameworks */ = {
			isa = PBXFrameworksBuildPhase;
			buildActionMask = 2147483647;
			files = (
			);
			runOnlyForDeploymentPostprocessing = 0;
		};
/* End PBXFrameworksBuildPhase section */

/* Begin PBXGroup section */
		9461A3B11CD7D181008EEC3C /* Resources */ = {
			isa = PBXGroup;
			children = (
				9461A3B21CD7D1A0008EEC3C /* DataModel.xcdatamodeld */,
			);
			path = Resources;
			sourceTree = "<group>";
		};
		9461A3B51CD7D21E008EEC3C /* Classes */ = {
			isa = PBXGroup;
			children = (
				9461A3C41CD7D9FE008EEC3C /* CoreData */,
				9461A3BF1CD7D365008EEC3C /* Helpers */,
				9461A3BA1CD7D2DA008EEC3C /* Managed */,
			);
			path = Classes;
			sourceTree = "<group>";
		};
		9461A3BA1CD7D2DA008EEC3C /* Managed */ = {
			isa = PBXGroup;
			children = (
				9461A3BB1CD7D2DA008EEC3C /* Car+CoreDataProperties.swift */,
				9461A3BC1CD7D2DA008EEC3C /* Car.swift */,
			);
			path = Managed;
			sourceTree = "<group>";
		};
		9461A3BF1CD7D365008EEC3C /* Helpers */ = {
			isa = PBXGroup;
			children = (
				9461A3C01CD7D37D008EEC3C /* FileUtilsTests.swift */,
				9461A3C21CD7D632008EEC3C /* RequestTests.swift */,
			);
			path = Helpers;
			sourceTree = "<group>";
		};
		9461A3C41CD7D9FE008EEC3C /* CoreData */ = {
			isa = PBXGroup;
			children = (
				9461A3C51CD7DA15008EEC3C /* CoreDataLocalStoreTests.swift */,
				945D44A61CD9012E00A47743 /* CoreDataContextTests.swift */,
			);
			path = CoreData;
			sourceTree = "<group>";
		};
		94BB39071CD9B8AA001A2DBE /* DataKernel-iOS */ = {
			isa = PBXGroup;
			children = (
				94BB39081CD9B8AA001A2DBE /* DataKernel-iOS.h */,
				94BB390A1CD9B8AA001A2DBE /* Info.plist */,
			);
			path = "DataKernel-iOS";
			sourceTree = "<group>";
		};
		94F74A631CD51764000F1F4D = {
			isa = PBXGroup;
			children = (
				94BB390E1CD9B8E7001A2DBE /* CoreData.framework */,
				94F74A6E1CD51764000F1F4D /* DataKernel */,
				94F74A861CD51765000F1F4D /* DataKernelTests */,
				94BB39071CD9B8AA001A2DBE /* DataKernel-iOS */,
				94F74A6D1CD51764000F1F4D /* Products */,
			);
			sourceTree = "<group>";
		};
		94F74A6D1CD51764000F1F4D /* Products */ = {
			isa = PBXGroup;
			children = (
				94F74A6C1CD51764000F1F4D /* DataKernel.app */,
				94F74A831CD51765000F1F4D /* DataKernelTests.xctest */,
				94BB39061CD9B8AA001A2DBE /* DataKernel.framework */,
			);
			name = Products;
			sourceTree = "<group>";
		};
		94F74A6E1CD51764000F1F4D /* DataKernel */ = {
			isa = PBXGroup;
			children = (
				94F74A921CD517C8000F1F4D /* Classes */,
				94F74A6F1CD51764000F1F4D /* AppDelegate.swift */,
				94F74A711CD51764000F1F4D /* ViewController.swift */,
				94F74A731CD51764000F1F4D /* Main.storyboard */,
				94F74A791CD51764000F1F4D /* Assets.xcassets */,
				94F74A7B1CD51764000F1F4D /* LaunchScreen.storyboard */,
				94F74A7E1CD51764000F1F4D /* Info.plist */,
				94F74A761CD51764000F1F4D /* DataKernel.xcdatamodeld */,
			);
			path = DataKernel;
			sourceTree = "<group>";
		};
		94F74A861CD51765000F1F4D /* DataKernelTests */ = {
			isa = PBXGroup;
			children = (
				9461A3B51CD7D21E008EEC3C /* Classes */,
				9461A3B11CD7D181008EEC3C /* Resources */,
				94F74A871CD51765000F1F4D /* DataKernelTests.swift */,
				94F74A891CD51765000F1F4D /* Info.plist */,
			);
			path = DataKernelTests;
			sourceTree = "<group>";
		};
		94F74A921CD517C8000F1F4D /* Classes */ = {
			isa = PBXGroup;
			children = (
				94F74A9D1CD52E9C000F1F4D /* CoreData */,
				94F74A9C1CD529C5000F1F4D /* Helpers */,
				94F74A931CD517C8000F1F4D /* Contracts */,
			);
			path = Classes;
			sourceTree = "<group>";
		};
		94F74A931CD517C8000F1F4D /* Contracts */ = {
			isa = PBXGroup;
			children = (
				94F74AAC1CD53D1A000F1F4D /* Errors */,
				94F74AA51CD53244000F1F4D /* Refs */,
				94F74A941CD524CF000F1F4D /* Storage.swift */,
				94F74A961CD525FC000F1F4D /* Context.swift */,
				94F74A981CD52627000F1F4D /* Entity.swift */,
			);
			path = Contracts;
			sourceTree = "<group>";
		};
		94F74A9C1CD529C5000F1F4D /* Helpers */ = {
			isa = PBXGroup;
			children = (
				94F74A9A1CD5274B000F1F4D /* DataRequest.swift */,
				94F74AA31CD5303E000F1F4D /* FileUtils.swift */,
			);
			path = Helpers;
			sourceTree = "<group>";
		};
		94F74A9D1CD52E9C000F1F4D /* CoreData */ = {
			isa = PBXGroup;
			children = (
				94F74AA01CD52F2B000F1F4D /* Extensions */,
				94F74A9E1CD52EB5000F1F4D /* CoreDataLocalStorage.swift */,
			);
			path = CoreData;
			sourceTree = "<group>";
		};
		94F74AA01CD52F2B000F1F4D /* Extensions */ = {
			isa = PBXGroup;
			children = (
				94F74AB11CD53F04000F1F4D /* NSManagedObjectContext.swift */,
				9461A3AF1CD7AA19008EEC3C /* NSManagedObject.swift */,
			);
			path = Extensions;
			sourceTree = "<group>";
		};
		94F74AA51CD53244000F1F4D /* Refs */ = {
			isa = PBXGroup;
			children = (
				94F74AA61CD53244000F1F4D /* StoreRef.swift */,
				94F74AA81CD53261000F1F4D /* ModelRef.swift */,
				94F74AAA1CD538F9000F1F4D /* OptionRef.swift */,
				94F74AAF1CD53E33000F1F4D /* ContextRef.swift */,
			);
			path = Refs;
			sourceTree = "<group>";
		};
		94F74AAC1CD53D1A000F1F4D /* Errors */ = {
			isa = PBXGroup;
			children = (
				94F74AAD1CD53D2D000F1F4D /* DkErrors.swift */,
			);
			path = Errors;
			sourceTree = "<group>";
		};
/* End PBXGroup section */

/* Begin PBXHeadersBuildPhase section */
		94BB39031CD9B8AA001A2DBE /* Headers */ = {
			isa = PBXHeadersBuildPhase;
			buildActionMask = 2147483647;
			files = (
				94BB39091CD9B8AA001A2DBE /* DataKernel-iOS.h in Headers */,
			);
			runOnlyForDeploymentPostprocessing = 0;
		};
/* End PBXHeadersBuildPhase section */

/* Begin PBXNativeTarget section */
		94BB39051CD9B8AA001A2DBE /* DataKernel-iOS */ = {
			isa = PBXNativeTarget;
			buildConfigurationList = 94BB390D1CD9B8AA001A2DBE /* Build configuration list for PBXNativeTarget "DataKernel-iOS" */;
			buildPhases = (
				94BB39011CD9B8AA001A2DBE /* Sources */,
				94BB39021CD9B8AA001A2DBE /* Frameworks */,
				94BB39031CD9B8AA001A2DBE /* Headers */,
				94BB39041CD9B8AA001A2DBE /* Resources */,
				94BB391E1CD9BA70001A2DBE /* Bump version */,
			);
			buildRules = (
			);
			dependencies = (
			);
			name = "DataKernel-iOS";
			productName = "DataKernel-iOS";
			productReference = 94BB39061CD9B8AA001A2DBE /* DataKernel.framework */;
			productType = "com.apple.product-type.framework";
		};
		94F74A6B1CD51764000F1F4D /* DataKernel */ = {
			isa = PBXNativeTarget;
			buildConfigurationList = 94F74A8C1CD51765000F1F4D /* Build configuration list for PBXNativeTarget "DataKernel" */;
			buildPhases = (
				94F74A681CD51764000F1F4D /* Sources */,
				94F74A691CD51764000F1F4D /* Frameworks */,
				94F74A6A1CD51764000F1F4D /* Resources */,
			);
			buildRules = (
			);
			dependencies = (
			);
			name = DataKernel;
			productName = DataKernel;
			productReference = 94F74A6C1CD51764000F1F4D /* DataKernel.app */;
			productType = "com.apple.product-type.application";
		};
		94F74A821CD51765000F1F4D /* DataKernelTests */ = {
			isa = PBXNativeTarget;
			buildConfigurationList = 94F74A8F1CD51765000F1F4D /* Build configuration list for PBXNativeTarget "DataKernelTests" */;
			buildPhases = (
				94F74A7F1CD51765000F1F4D /* Sources */,
				94F74A801CD51765000F1F4D /* Frameworks */,
				94F74A811CD51765000F1F4D /* Resources */,
			);
			buildRules = (
			);
			dependencies = (
				94F74A851CD51765000F1F4D /* PBXTargetDependency */,
			);
			name = DataKernelTests;
			productName = DataKernelTests;
			productReference = 94F74A831CD51765000F1F4D /* DataKernelTests.xctest */;
			productType = "com.apple.product-type.bundle.unit-test";
		};
/* End PBXNativeTarget section */

/* Begin PBXProject section */
		94F74A641CD51764000F1F4D /* Project object */ = {
			isa = PBXProject;
			attributes = {
				LastSwiftUpdateCheck = 0720;
				LastUpgradeCheck = 0720;
				ORGANIZATIONNAME = mrdekk;
				TargetAttributes = {
					94BB39051CD9B8AA001A2DBE = {
						CreatedOnToolsVersion = 7.2.1;
					};
					94F74A6B1CD51764000F1F4D = {
						CreatedOnToolsVersion = 7.2.1;
					};
					94F74A821CD51765000F1F4D = {
						CreatedOnToolsVersion = 7.2.1;
						TestTargetID = 94F74A6B1CD51764000F1F4D;
					};
				};
			};
			buildConfigurationList = 94F74A671CD51764000F1F4D /* Build configuration list for PBXProject "DataKernel" */;
			compatibilityVersion = "Xcode 3.2";
			developmentRegion = English;
			hasScannedForEncodings = 0;
			knownRegions = (
				en,
				Base,
			);
			mainGroup = 94F74A631CD51764000F1F4D;
			productRefGroup = 94F74A6D1CD51764000F1F4D /* Products */;
			projectDirPath = "";
			projectRoot = "";
			targets = (
				94F74A6B1CD51764000F1F4D /* DataKernel */,
				94F74A821CD51765000F1F4D /* DataKernelTests */,
				94BB39051CD9B8AA001A2DBE /* DataKernel-iOS */,
			);
		};
/* End PBXProject section */

/* Begin PBXResourcesBuildPhase section */
		94BB39041CD9B8AA001A2DBE /* Resources */ = {
			isa = PBXResourcesBuildPhase;
			buildActionMask = 2147483647;
			files = (
			);
			runOnlyForDeploymentPostprocessing = 0;
		};
		94F74A6A1CD51764000F1F4D /* Resources */ = {
			isa = PBXResourcesBuildPhase;
			buildActionMask = 2147483647;
			files = (
				94F74A7D1CD51764000F1F4D /* LaunchScreen.storyboard in Resources */,
				94F74A7A1CD51764000F1F4D /* Assets.xcassets in Resources */,
				94F74A751CD51764000F1F4D /* Main.storyboard in Resources */,
			);
			runOnlyForDeploymentPostprocessing = 0;
		};
		94F74A811CD51765000F1F4D /* Resources */ = {
			isa = PBXResourcesBuildPhase;
			buildActionMask = 2147483647;
			files = (
			);
			runOnlyForDeploymentPostprocessing = 0;
		};
/* End PBXResourcesBuildPhase section */

/* Begin PBXShellScriptBuildPhase section */
		94BB391E1CD9BA70001A2DBE /* Bump version */ = {
			isa = PBXShellScriptBuildPhase;
			buildActionMask = 2147483647;
			files = (
			);
			inputPaths = (
			);
			name = "Bump version";
			outputPaths = (
			);
			runOnlyForDeploymentPostprocessing = 0;
			shellPath = "/usr/bin/env ruby";
			shellScript = "git = `sh /etc/profile; which git`.chomp\napp_build = `#{git} rev-list --all | wc -l`.chomp.to_i\n`/usr/libexec/PlistBuddy -c \"Set :CFBundleVersion #{app_build}\" \"${TARGET_BUILD_DIR}/${INFOPLIST_PATH}\"`\nputs \"Updated #{ENV['TARGET_BUILD_DIR']}/#{ENV['INFOPLIST_PATH']}\"";
		};
/* End PBXShellScriptBuildPhase section */

/* Begin PBXSourcesBuildPhase section */
		94BB39011CD9B8AA001A2DBE /* Sources */ = {
			isa = PBXSourcesBuildPhase;
			buildActionMask = 2147483647;
			files = (
				94BB39161CD9B9B0001A2DBE /* StoreRef.swift in Sources */,
				94BB391A1CD9B9BB001A2DBE /* Storage.swift in Sources */,
				94BB39191CD9B9B8001A2DBE /* ContextRef.swift in Sources */,
				94BB39101CD9B998001A2DBE /* NSManagedObjectContext.swift in Sources */,
				94BB39131CD9B9A5001A2DBE /* DataRequest.swift in Sources */,
				94BB39121CD9B99F001A2DBE /* CoreDataLocalStorage.swift in Sources */,
				94BB39151CD9B9AD001A2DBE /* DkErrors.swift in Sources */,
				94BB39111CD9B99B001A2DBE /* NSManagedObject.swift in Sources */,
				94BB39141CD9B9A7001A2DBE /* FileUtils.swift in Sources */,
				94BB391B1CD9B9BE001A2DBE /* Context.swift in Sources */,
				94BB391C1CD9B9C1001A2DBE /* Entity.swift in Sources */,
				94BB39181CD9B9B5001A2DBE /* OptionRef.swift in Sources */,
				94BB39171CD9B9B3001A2DBE /* ModelRef.swift in Sources */,
			);
			runOnlyForDeploymentPostprocessing = 0;
		};
		94F74A681CD51764000F1F4D /* Sources */ = {
			isa = PBXSourcesBuildPhase;
			buildActionMask = 2147483647;
			files = (
				94F74A9F1CD52EB5000F1F4D /* CoreDataLocalStorage.swift in Sources */,
				94F74A781CD51764000F1F4D /* DataKernel.xcdatamodeld in Sources */,
				94F74AA91CD53261000F1F4D /* ModelRef.swift in Sources */,
				94F74A951CD524CF000F1F4D /* Storage.swift in Sources */,
				94F74AB21CD53F04000F1F4D /* NSManagedObjectContext.swift in Sources */,
				9461A3B01CD7AA19008EEC3C /* NSManagedObject.swift in Sources */,
				94F74AAB1CD538F9000F1F4D /* OptionRef.swift in Sources */,
				94F74AA71CD53244000F1F4D /* StoreRef.swift in Sources */,
				94F74AAE1CD53D2D000F1F4D /* DkErrors.swift in Sources */,
				94F74A991CD52627000F1F4D /* Entity.swift in Sources */,
				94F74A721CD51764000F1F4D /* ViewController.swift in Sources */,
				94F74AB01CD53E33000F1F4D /* ContextRef.swift in Sources */,
				94F74A9B1CD5274B000F1F4D /* DataRequest.swift in Sources */,
				94F74A971CD525FC000F1F4D /* Context.swift in Sources */,
				94F74A701CD51764000F1F4D /* AppDelegate.swift in Sources */,
				94F74AA41CD5303E000F1F4D /* FileUtils.swift in Sources */,
			);
			runOnlyForDeploymentPostprocessing = 0;
		};
		94F74A7F1CD51765000F1F4D /* Sources */ = {
			isa = PBXSourcesBuildPhase;
			buildActionMask = 2147483647;
			files = (
				945D44A71CD9012E00A47743 /* CoreDataContextTests.swift in Sources */,
				94F74A881CD51765000F1F4D /* DataKernelTests.swift in Sources */,
				9461A3C11CD7D37D008EEC3C /* FileUtilsTests.swift in Sources */,
				9461A3BD1CD7D2DA008EEC3C /* Car+CoreDataProperties.swift in Sources */,
				9461A3C31CD7D632008EEC3C /* RequestTests.swift in Sources */,
				9461A3BE1CD7D2DA008EEC3C /* Car.swift in Sources */,
				9461A3B41CD7D1A0008EEC3C /* DataModel.xcdatamodeld in Sources */,
				9461A3C61CD7DA15008EEC3C /* CoreDataLocalStoreTests.swift in Sources */,
			);
			runOnlyForDeploymentPostprocessing = 0;
		};
/* End PBXSourcesBuildPhase section */

/* Begin PBXTargetDependency section */
		94F74A851CD51765000F1F4D /* PBXTargetDependency */ = {
			isa = PBXTargetDependency;
			target = 94F74A6B1CD51764000F1F4D /* DataKernel */;
			targetProxy = 94F74A841CD51765000F1F4D /* PBXContainerItemProxy */;
		};
/* End PBXTargetDependency section */

/* Begin PBXVariantGroup section */
		94F74A731CD51764000F1F4D /* Main.storyboard */ = {
			isa = PBXVariantGroup;
			children = (
				94F74A741CD51764000F1F4D /* Base */,
			);
			name = Main.storyboard;
			sourceTree = "<group>";
		};
		94F74A7B1CD51764000F1F4D /* LaunchScreen.storyboard */ = {
			isa = PBXVariantGroup;
			children = (
				94F74A7C1CD51764000F1F4D /* Base */,
			);
			name = LaunchScreen.storyboard;
			sourceTree = "<group>";
		};
/* End PBXVariantGroup section */

/* Begin XCBuildConfiguration section */
		94BB390B1CD9B8AA001A2DBE /* Debug */ = {
			isa = XCBuildConfiguration;
			buildSettings = {
				APPLICATION_EXTENSION_API_ONLY = YES;
				CURRENT_PROJECT_VERSION = 1;
				DEFINES_MODULE = YES;
				DYLIB_COMPATIBILITY_VERSION = 1;
				DYLIB_CURRENT_VERSION = 1;
				DYLIB_INSTALL_NAME_BASE = "@rpath";
				EMBEDDED_CONTENT_CONTAINS_SWIFT = YES;
				INFOPLIST_FILE = "DataKernel-iOS/Info.plist";
				INSTALL_PATH = "$(LOCAL_LIBRARY_DIR)/Frameworks";
				IPHONEOS_DEPLOYMENT_TARGET = 8.0;
				LD_RUNPATH_SEARCH_PATHS = "$(inherited) @executable_path/Frameworks @loader_path/Frameworks";
				PRODUCT_BUNDLE_IDENTIFIER = "ru.mrdekk.DataKernel-iOS";
				PRODUCT_NAME = DataKernel;
				SKIP_INSTALL = YES;
				VERSIONING_SYSTEM = "apple-generic";
				VERSION_INFO_PREFIX = "";
			};
			name = Debug;
		};
		94BB390C1CD9B8AA001A2DBE /* Release */ = {
			isa = XCBuildConfiguration;
			buildSettings = {
				APPLICATION_EXTENSION_API_ONLY = YES;
				CURRENT_PROJECT_VERSION = 1;
				DEFINES_MODULE = YES;
				DYLIB_COMPATIBILITY_VERSION = 1;
				DYLIB_CURRENT_VERSION = 1;
				DYLIB_INSTALL_NAME_BASE = "@rpath";
				EMBEDDED_CONTENT_CONTAINS_SWIFT = YES;
				INFOPLIST_FILE = "DataKernel-iOS/Info.plist";
				INSTALL_PATH = "$(LOCAL_LIBRARY_DIR)/Frameworks";
				IPHONEOS_DEPLOYMENT_TARGET = 8.0;
				LD_RUNPATH_SEARCH_PATHS = "$(inherited) @executable_path/Frameworks @loader_path/Frameworks";
				PRODUCT_BUNDLE_IDENTIFIER = "ru.mrdekk.DataKernel-iOS";
				PRODUCT_NAME = DataKernel;
				SKIP_INSTALL = YES;
				VERSIONING_SYSTEM = "apple-generic";
				VERSION_INFO_PREFIX = "";
			};
			name = Release;
		};
		94F74A8A1CD51765000F1F4D /* Debug */ = {
			isa = XCBuildConfiguration;
			buildSettings = {
				ALWAYS_SEARCH_USER_PATHS = NO;
				CLANG_CXX_LANGUAGE_STANDARD = "gnu++0x";
				CLANG_CXX_LIBRARY = "libc++";
				CLANG_ENABLE_MODULES = YES;
				CLANG_ENABLE_OBJC_ARC = YES;
				CLANG_WARN_BOOL_CONVERSION = YES;
				CLANG_WARN_CONSTANT_CONVERSION = YES;
				CLANG_WARN_DIRECT_OBJC_ISA_USAGE = YES_ERROR;
				CLANG_WARN_EMPTY_BODY = YES;
				CLANG_WARN_ENUM_CONVERSION = YES;
				CLANG_WARN_INT_CONVERSION = YES;
				CLANG_WARN_OBJC_ROOT_CLASS = YES_ERROR;
				CLANG_WARN_UNREACHABLE_CODE = YES;
				CLANG_WARN__DUPLICATE_METHOD_MATCH = YES;
				"CODE_SIGN_IDENTITY[sdk=iphoneos*]" = "iPhone Developer";
				COPY_PHASE_STRIP = NO;
				DEBUG_INFORMATION_FORMAT = dwarf;
				ENABLE_STRICT_OBJC_MSGSEND = YES;
				ENABLE_TESTABILITY = YES;
				GCC_C_LANGUAGE_STANDARD = gnu99;
				GCC_DYNAMIC_NO_PIC = NO;
				GCC_NO_COMMON_BLOCKS = YES;
				GCC_OPTIMIZATION_LEVEL = 0;
				GCC_PREPROCESSOR_DEFINITIONS = (
					"DEBUG=1",
					"$(inherited)",
				);
				GCC_WARN_64_TO_32_BIT_CONVERSION = YES;
				GCC_WARN_ABOUT_RETURN_TYPE = YES_ERROR;
				GCC_WARN_UNDECLARED_SELECTOR = YES;
				GCC_WARN_UNINITIALIZED_AUTOS = YES_AGGRESSIVE;
				GCC_WARN_UNUSED_FUNCTION = YES;
				GCC_WARN_UNUSED_VARIABLE = YES;
				IPHONEOS_DEPLOYMENT_TARGET = 9.2;
				MTL_ENABLE_DEBUG_INFO = YES;
				ONLY_ACTIVE_ARCH = YES;
				SDKROOT = iphoneos;
				SWIFT_OPTIMIZATION_LEVEL = "-Onone";
				TARGETED_DEVICE_FAMILY = "1,2";
			};
			name = Debug;
		};
		94F74A8B1CD51765000F1F4D /* Release */ = {
			isa = XCBuildConfiguration;
			buildSettings = {
				ALWAYS_SEARCH_USER_PATHS = NO;
				CLANG_CXX_LANGUAGE_STANDARD = "gnu++0x";
				CLANG_CXX_LIBRARY = "libc++";
				CLANG_ENABLE_MODULES = YES;
				CLANG_ENABLE_OBJC_ARC = YES;
				CLANG_WARN_BOOL_CONVERSION = YES;
				CLANG_WARN_CONSTANT_CONVERSION = YES;
				CLANG_WARN_DIRECT_OBJC_ISA_USAGE = YES_ERROR;
				CLANG_WARN_EMPTY_BODY = YES;
				CLANG_WARN_ENUM_CONVERSION = YES;
				CLANG_WARN_INT_CONVERSION = YES;
				CLANG_WARN_OBJC_ROOT_CLASS = YES_ERROR;
				CLANG_WARN_UNREACHABLE_CODE = YES;
				CLANG_WARN__DUPLICATE_METHOD_MATCH = YES;
				"CODE_SIGN_IDENTITY[sdk=iphoneos*]" = "iPhone Developer";
				COPY_PHASE_STRIP = NO;
				DEBUG_INFORMATION_FORMAT = "dwarf-with-dsym";
				ENABLE_NS_ASSERTIONS = NO;
				ENABLE_STRICT_OBJC_MSGSEND = YES;
				GCC_C_LANGUAGE_STANDARD = gnu99;
				GCC_NO_COMMON_BLOCKS = YES;
				GCC_WARN_64_TO_32_BIT_CONVERSION = YES;
				GCC_WARN_ABOUT_RETURN_TYPE = YES_ERROR;
				GCC_WARN_UNDECLARED_SELECTOR = YES;
				GCC_WARN_UNINITIALIZED_AUTOS = YES_AGGRESSIVE;
				GCC_WARN_UNUSED_FUNCTION = YES;
				GCC_WARN_UNUSED_VARIABLE = YES;
				IPHONEOS_DEPLOYMENT_TARGET = 9.2;
				MTL_ENABLE_DEBUG_INFO = NO;
				SDKROOT = iphoneos;
				TARGETED_DEVICE_FAMILY = "1,2";
				VALIDATE_PRODUCT = YES;
			};
			name = Release;
		};
		94F74A8D1CD51765000F1F4D /* Debug */ = {
			isa = XCBuildConfiguration;
			buildSettings = {
				ASSETCATALOG_COMPILER_APPICON_NAME = AppIcon;
				INFOPLIST_FILE = DataKernel/Info.plist;
				LD_RUNPATH_SEARCH_PATHS = "$(inherited) @executable_path/Frameworks";
				PRODUCT_BUNDLE_IDENTIFIER = ru.mrdekk.DataKernel;
				PRODUCT_NAME = "$(TARGET_NAME)";
			};
			name = Debug;
		};
		94F74A8E1CD51765000F1F4D /* Release */ = {
			isa = XCBuildConfiguration;
			buildSettings = {
				ASSETCATALOG_COMPILER_APPICON_NAME = AppIcon;
				INFOPLIST_FILE = DataKernel/Info.plist;
				LD_RUNPATH_SEARCH_PATHS = "$(inherited) @executable_path/Frameworks";
				PRODUCT_BUNDLE_IDENTIFIER = ru.mrdekk.DataKernel;
				PRODUCT_NAME = "$(TARGET_NAME)";
			};
			name = Release;
		};
		94F74A901CD51765000F1F4D /* Debug */ = {
			isa = XCBuildConfiguration;
			buildSettings = {
				BUNDLE_LOADER = "$(TEST_HOST)";
				INFOPLIST_FILE = DataKernelTests/Info.plist;
				LD_RUNPATH_SEARCH_PATHS = "$(inherited) @executable_path/Frameworks @loader_path/Frameworks";
				PRODUCT_BUNDLE_IDENTIFIER = ru.mrdekk.DataKernelTests;
				PRODUCT_NAME = "$(TARGET_NAME)";
				TEST_HOST = "$(BUILT_PRODUCTS_DIR)/DataKernel.app/DataKernel";
			};
			name = Debug;
		};
		94F74A911CD51765000F1F4D /* Release */ = {
			isa = XCBuildConfiguration;
			buildSettings = {
				BUNDLE_LOADER = "$(TEST_HOST)";
				INFOPLIST_FILE = DataKernelTests/Info.plist;
				LD_RUNPATH_SEARCH_PATHS = "$(inherited) @executable_path/Frameworks @loader_path/Frameworks";
				PRODUCT_BUNDLE_IDENTIFIER = ru.mrdekk.DataKernelTests;
				PRODUCT_NAME = "$(TARGET_NAME)";
				TEST_HOST = "$(BUILT_PRODUCTS_DIR)/DataKernel.app/DataKernel";
			};
			name = Release;
		};
/* End XCBuildConfiguration section */

/* Begin XCConfigurationList section */
		94BB390D1CD9B8AA001A2DBE /* Build configuration list for PBXNativeTarget "DataKernel-iOS" */ = {
			isa = XCConfigurationList;
			buildConfigurations = (
				94BB390B1CD9B8AA001A2DBE /* Debug */,
				94BB390C1CD9B8AA001A2DBE /* Release */,
			);
			defaultConfigurationIsVisible = 0;
			defaultConfigurationName = Release;
		};
		94F74A671CD51764000F1F4D /* Build configuration list for PBXProject "DataKernel" */ = {
			isa = XCConfigurationList;
			buildConfigurations = (
				94F74A8A1CD51765000F1F4D /* Debug */,
				94F74A8B1CD51765000F1F4D /* Release */,
			);
			defaultConfigurationIsVisible = 0;
			defaultConfigurationName = Release;
		};
		94F74A8C1CD51765000F1F4D /* Build configuration list for PBXNativeTarget "DataKernel" */ = {
			isa = XCConfigurationList;
			buildConfigurations = (
				94F74A8D1CD51765000F1F4D /* Debug */,
				94F74A8E1CD51765000F1F4D /* Release */,
			);
			defaultConfigurationIsVisible = 0;
			defaultConfigurationName = Release;
		};
		94F74A8F1CD51765000F1F4D /* Build configuration list for PBXNativeTarget "DataKernelTests" */ = {
			isa = XCConfigurationList;
			buildConfigurations = (
				94F74A901CD51765000F1F4D /* Debug */,
				94F74A911CD51765000F1F4D /* Release */,
			);
			defaultConfigurationIsVisible = 0;
			defaultConfigurationName = Release;
		};
/* End XCConfigurationList section */

/* Begin XCVersionGroup section */
		9461A3B21CD7D1A0008EEC3C /* DataModel.xcdatamodeld */ = {
			isa = XCVersionGroup;
			children = (
				9461A3B31CD7D1A0008EEC3C /* DataModel.xcdatamodel */,
			);
			currentVersion = 9461A3B31CD7D1A0008EEC3C /* DataModel.xcdatamodel */;
			path = DataModel.xcdatamodeld;
			sourceTree = "<group>";
			versionGroupType = wrapper.xcdatamodel;
		};
		94F74A761CD51764000F1F4D /* DataKernel.xcdatamodeld */ = {
			isa = XCVersionGroup;
			children = (
				94F74A771CD51764000F1F4D /* DataKernel.xcdatamodel */,
			);
			currentVersion = 94F74A771CD51764000F1F4D /* DataKernel.xcdatamodel */;
			path = DataKernel.xcdatamodeld;
			sourceTree = "<group>";
			versionGroupType = wrapper.xcdatamodel;
		};
/* End XCVersionGroup section */
	};
	rootObject = 94F74A641CD51764000F1F4D /* Project object */;
}
